
Microsoft Visual Studio Solution File, Format Version 12.00
# Visual Studio 14
VisualStudioVersion = 14.0.24720.0
MinimumVisualStudioVersion = 10.0.40219.1
Project("{FAE04EC0-301F-11D3-BF4B-00C04F79EFBC}") = "SolrScheduler.Interfaces", "SolrScheduler.Interfaces\SolrScheduler.Interfaces.csproj", "{316DB4BF-4B59-4004-A8B4-9FA5640987C5}"
EndProject
Project("{FAE04EC0-301F-11D3-BF4B-00C04F79EFBC}") = "SolrScheduler.Objects", "SolrScheduler.Objects\SolrScheduler.Objects.csproj", "{65F8ABB7-8DB6-45E4-A5F4-0329739B958B}"
EndProject
Project("{FAE04EC0-301F-11D3-BF4B-00C04F79EFBC}") = "SolrScheduler.GUI", "SolrScheduler.GUI\SolrScheduler.GUI.csproj", "{A61BBA21-C37A-42B9-BC06-50892346EC51}"
EndProject
Project("{FAE04EC0-301F-11D3-BF4B-00C04F79EFBC}") = "SolrScheduler.Objects.Tests", "SolrScheduler.Objects.Tests\SolrScheduler.Objects.Tests.csproj", "{C40C5E23-FE00-4352-929C-44040EE61706}"
EndProject
Project("{FAE04EC0-301F-11D3-BF4B-00C04F79EFBC}") = "SolrScheduler.WindowsService", "SolrScheduler.WindowsService\SolrScheduler.WindowsService.csproj", "{94B50481-0794-4BA8-A342-E3D5CF9F099F}"
EndProject
Global
	GlobalSection(SolutionConfigurationPlatforms) = preSolution
		Debug|Any CPU = Debug|Any CPU
		Release|Any CPU = Release|Any CPU
	EndGlobalSection
	GlobalSection(ProjectConfigurationPlatforms) = postSolution
		{316DB4BF-4B59-4004-A8B4-9FA5640987C5}.Debug|Any CPU.ActiveCfg = Debug|Any CPU
		{316DB4BF-4B59-4004-A8B4-9FA5640987C5}.Debug|Any CPU.Build.0 = Debug|Any CPU
		{316DB4BF-4B59-4004-A8B4-9FA5640987C5}.Release|Any CPU.ActiveCfg = Release|Any CPU
		{316DB4BF-4B59-4004-A8B4-9FA5640987C5}.Release|Any CPU.Build.0 = Release|Any CPU
		{65F8ABB7-8DB6-45E4-A5F4-0329739B958B}.Debug|Any CPU.ActiveCfg = Debug|Any CPU
		{65F8ABB7-8DB6-45E4-A5F4-0329739B958B}.Debug|Any CPU.Build.0 = Debug|Any CPU
		{65F8ABB7-8DB6-45E4-A5F4-0329739B958B}.Release|Any CPU.ActiveCfg = Release|Any CPU
		{65F8ABB7-8DB6-45E4-A5F4-0329739B958B}.Release|Any CPU.Build.0 = Release|Any CPU
		{A61BBA21-C37A-42B9-BC06-50892346EC51}.Debug|Any CPU.ActiveCfg = Debug|Any CPU
		{A61BBA21-C37A-42B9-BC06-50892346EC51}.Debug|Any CPU.Build.0 = Debug|Any CPU
		{A61BBA21-C37A-42B9-BC06-50892346EC51}.Release|Any CPU.ActiveCfg = Release|Any CPU
		{A61BBA21-C37A-42B9-BC06-50892346EC51}.Release|Any CPU.Build.0 = Release|Any CPU
		{C40C5E23-FE00-4352-929C-44040EE61706}.Debug|Any CPU.ActiveCfg = Debug|Any CPU
		{C40C5E23-FE00-4352-929C-44040EE61706}.Debug|Any CPU.Build.0 = Debug|Any CPU
		{C40C5E23-FE00-4352-929C-44040EE61706}.Release|Any CPU.ActiveCfg = Release|Any CPU
		{C40C5E23-FE00-4352-929C-44040EE61706}.Release|Any CPU.Build.0 = Release|Any CPU
		{94B50481-0794-4BA8-A342-E3D5CF9F099F}.Debug|Any CPU.ActiveCfg = Debug|Any CPU
		{94B50481-0794-4BA8-A342-E3D5CF9F099F}.Debug|Any CPU.Build.0 = Debug|Any CPU
		{94B50481-0794-4BA8-A342-E3D5CF9F099F}.Release|Any CPU.ActiveCfg = Release|Any CPU
		{94B50481-0794-4BA8-A342-E3D5CF9F099F}.Release|Any CPU.Build.0 = Release|Any CPU
	EndGlobalSection
	GlobalSection(SolutionProperties) = preSolution
		HideSolutionNode = FALSE
	EndGlobalSection
EndGlobal
